
Microsoft Visual Studio Solution File, Format Version 12.00
# Visual Studio Version 16
VisualStudioVersion = 16.0.34114.132
MinimumVisualStudioVersion = 10.0.40219.1
Project("{FAE04EC0-301F-11D3-BF4B-00C04F79EFBC}") = "ValidaCurp", "ValidaCurp\ValidaCurp.csproj", "{6E28B969-B929-475C-A65B-AB1CC1A962E1}"
EndProject
Global
	GlobalSection(SolutionConfigurationPlatforms) = preSolution
		Debug|Any CPU = Debug|Any CPU
		Release|Any CPU = Release|Any CPU
	EndGlobalSection
	GlobalSection(ProjectConfigurationPlatforms) = postSolution
		{6E28B969-B929-475C-A65B-AB1CC1A962E1}.Debug|Any CPU.ActiveCfg = Debug|Any CPU
		{6E28B969-B929-475C-A65B-AB1CC1A962E1}.Debug|Any CPU.Build.0 = Debug|Any CPU
		{6E28B969-B929-475C-A65B-AB1CC1A962E1}.Release|Any CPU.ActiveCfg = Release|Any CPU
		{6E28B969-B929-475C-A65B-AB1CC1A962E1}.Release|Any CPU.Build.0 = Release|Any CPU
	EndGlobalSection
	GlobalSection(SolutionProperties) = preSolution
		HideSolutionNode = FALSE
	EndGlobalSection
	GlobalSection(ExtensibilityGlobals) = postSolution
		SolutionGuid = {806DB721-DA31-44B1-975D-B497937CB32D}
	EndGlobalSection
EndGlobal
